
Microsoft Visual Studio Solution File, Format Version 12.00
# Visual Studio 15
VisualStudioVersion = 15.0.27004.2010
MinimumVisualStudioVersion = 10.0.40219.1
Project("{FAE04EC0-301F-11D3-BF4B-00C04F79EFBC}") = "MarsExploration.Domain", "MarsExploration.Domain\MarsExploration.Domain.csproj", "{9A950155-C6CB-45FE-A7B8-415EC143E8D7}"
EndProject
Project("{FAE04EC0-301F-11D3-BF4B-00C04F79EFBC}") = "MarsExploration.WebApi", "MarsExploration.WebApi\MarsExploration.WebApi.csproj", "{AB946ED0-0E30-40C0-BD0D-1DEE5D7DCF6D}"
EndProject
Project("{FAE04EC0-301F-11D3-BF4B-00C04F79EFBC}") = "MarsExploration.Tests", "MarsExploration.Tests\MarsExploration.Tests.csproj", "{D9FC5B5A-355B-4A97-AFBC-3ED302134E67}"
EndProject
Global
	GlobalSection(SolutionConfigurationPlatforms) = preSolution
		Debug|Any CPU = Debug|Any CPU
		Release|Any CPU = Release|Any CPU
	EndGlobalSection
	GlobalSection(ProjectConfigurationPlatforms) = postSolution
		{9A950155-C6CB-45FE-A7B8-415EC143E8D7}.Debug|Any CPU.ActiveCfg = Debug|Any CPU
		{9A950155-C6CB-45FE-A7B8-415EC143E8D7}.Debug|Any CPU.Build.0 = Debug|Any CPU
		{9A950155-C6CB-45FE-A7B8-415EC143E8D7}.Release|Any CPU.ActiveCfg = Release|Any CPU
		{9A950155-C6CB-45FE-A7B8-415EC143E8D7}.Release|Any CPU.Build.0 = Release|Any CPU
		{AB946ED0-0E30-40C0-BD0D-1DEE5D7DCF6D}.Debug|Any CPU.ActiveCfg = Debug|Any CPU
		{AB946ED0-0E30-40C0-BD0D-1DEE5D7DCF6D}.Debug|Any CPU.Build.0 = Debug|Any CPU
		{AB946ED0-0E30-40C0-BD0D-1DEE5D7DCF6D}.Release|Any CPU.ActiveCfg = Release|Any CPU
		{AB946ED0-0E30-40C0-BD0D-1DEE5D7DCF6D}.Release|Any CPU.Build.0 = Release|Any CPU
		{D9FC5B5A-355B-4A97-AFBC-3ED302134E67}.Debug|Any CPU.ActiveCfg = Debug|Any CPU
		{D9FC5B5A-355B-4A97-AFBC-3ED302134E67}.Debug|Any CPU.Build.0 = Debug|Any CPU
		{D9FC5B5A-355B-4A97-AFBC-3ED302134E67}.Release|Any CPU.ActiveCfg = Release|Any CPU
		{D9FC5B5A-355B-4A97-AFBC-3ED302134E67}.Release|Any CPU.Build.0 = Release|Any CPU
	EndGlobalSection
	GlobalSection(SolutionProperties) = preSolution
		HideSolutionNode = FALSE
	EndGlobalSection
	GlobalSection(ExtensibilityGlobals) = postSolution
		SolutionGuid = {216DE4C3-CF2B-4B9E-97B6-3F20355D4E22}
	EndGlobalSection
EndGlobal
